{
  "name": "mio-test",
  "version": "0.1.0",
  "lockfileVersion": 2,
  "requires": true,
  "packages": {
    "": {
      "name": "mio-test",
      "version": "0.1.0",
      "license": "Apache-2.0",
      "dependencies": {
        "mio-player": "file:../mio-player"
      }
    },
    "../mio-player": {
      "version": "0.1.0",
      "license": "Apache-2.0"
    },
    "node_modules/mio-player": {
      "resolved": "../mio-player",
      "link": true
    }
  },
  "dependencies": {
    "mio-player": {
      "version": "file:../mio-player"
    }
  }
}
