{
  "name": "mio-test",
  "version": "0.1.0",
  "lockfileVersion": 2,
  "requires": true,
  "packages": {
    "": {
      "name": "mio-test",
      "version": "0.1.0",
      "license": "Apache-2.0",
      "dependencies": {
        "mio-midi": "file:../mio-midi",
        "mio-player": "file:../mio-player"
      }
    },
    "../mio-midi": {
      "version": "0.1.0",
      "license": "Apache-2.0",
      "dependencies": {
        "midi-writer-js": "git://github.com/yeahross0/MidiWriterJS#7f2951b"
      },
      "devDependencies": {
        "eslint": "^8.24.0"
      }
    },
    "../mio-player": {
      "version": "0.1.2",
      "license": "Apache-2.0",
      "dependencies": {
        "mio-loader": "file:../mio-loader"
      },
      "devDependencies": {
        "eslint": "^8.24.0"
      }
    },
    "node_modules/mio-midi": {
      "resolved": "../mio-midi",
      "link": true
    },
    "node_modules/mio-player": {
      "resolved": "../mio-player",
      "link": true
    }
  },
  "dependencies": {
    "mio-midi": {
      "version": "file:../mio-midi",
      "requires": {
        "eslint": "^8.24.0",
        "midi-writer-js": "git://github.com/yeahross0/MidiWriterJS#7f2951b"
      }
    },
    "mio-player": {
      "version": "file:../mio-player",
      "requires": {
        "eslint": "^8.24.0",
        "mio-loader": "file:../mio-loader"
      }
    }
  }
}
